{
	"name": "quick-notes",
	"version": "0.0.1",
	"lockfileVersion": 3,
	"requires": true,
	"packages": {
		"": {
			"name": "quick-notes",
			"version": "0.0.1",
			"devDependencies": {
				"@types/node": "^16.18.25",
				"@types/vscode": "^1.77.0"
			},
			"engines": {
				"vscode": "^1.77.0"
			}
		},
		"node_modules/@types/node": {
			"version": "16.18.25",
			"dev": true,
			"license": "MIT"
		},
		"node_modules/@types/vscode": {
			"version": "1.78.0",
			"dev": true,
			"license": "MIT"
		}
	}
}
